// !$*UTF8*$!
{
	archiveVersion = 1;
	classes = {
	};
	objectVersion = 55;
	objects = {

/* Begin PBXBuildFile section */
		417007C726DE08ED002B6664 /* AppDelegate.swift in Sources */ = {isa = PBXBuildFile; fileRef = 417007C626DE08ED002B6664 /* AppDelegate.swift */; };
		417007C926DE08ED002B6664 /* SceneDelegate.swift in Sources */ = {isa = PBXBuildFile; fileRef = 417007C826DE08ED002B6664 /* SceneDelegate.swift */; };
		417007CB26DE08ED002B6664 /* ViewController.swift in Sources */ = {isa = PBXBuildFile; fileRef = 417007CA26DE08ED002B6664 /* ViewController.swift */; };
		417007CE26DE08ED002B6664 /* Main.storyboard in Resources */ = {isa = PBXBuildFile; fileRef = 417007CC26DE08ED002B6664 /* Main.storyboard */; };
		417007D026DE08EE002B6664 /* Assets.xcassets in Resources */ = {isa = PBXBuildFile; fileRef = 417007CF26DE08EE002B6664 /* Assets.xcassets */; };
		417007D326DE08EE002B6664 /* LaunchScreen.storyboard in Resources */ = {isa = PBXBuildFile; fileRef = 417007D126DE08EE002B6664 /* LaunchScreen.storyboard */; };
		A7DAE6A397AD65BB3AC5F65A /* Pods_YinzCam.framework in Frameworks */ = {isa = PBXBuildFile; fileRef = 7ABE1C5D6A642840BC5A0CCA /* Pods_YinzCam.framework */; };
/* End PBXBuildFile section */

/* Begin PBXFileReference section */
		417007C326DE08ED002B6664 /* YinzCam.app */ = {isa = PBXFileReference; explicitFileType = wrapper.application; includeInIndex = 0; path = YinzCam.app; sourceTree = BUILT_PRODUCTS_DIR; };
		417007C626DE08ED002B6664 /* AppDelegate.swift */ = {isa = PBXFileReference; lastKnownFileType = sourcecode.swift; path = AppDelegate.swift; sourceTree = "<group>"; };
		417007C826DE08ED002B6664 /* SceneDelegate.swift */ = {isa = PBXFileReference; lastKnownFileType = sourcecode.swift; path = SceneDelegate.swift; sourceTree = "<group>"; };
		417007CA26DE08ED002B6664 /* ViewController.swift */ = {isa = PBXFileReference; lastKnownFileType = sourcecode.swift; path = ViewController.swift; sourceTree = "<group>"; };
		417007CD26DE08ED002B6664 /* Base */ = {isa = PBXFileReference; lastKnownFileType = file.storyboard; name = Base; path = Base.lproj/Main.storyboard; sourceTree = "<group>"; };
		417007CF26DE08EE002B6664 /* Assets.xcassets */ = {isa = PBXFileReference; lastKnownFileType = folder.assetcatalog; path = Assets.xcassets; sourceTree = "<group>"; };
		417007D226DE08EE002B6664 /* Base */ = {isa = PBXFileReference; lastKnownFileType = file.storyboard; name = Base; path = Base.lproj/LaunchScreen.storyboard; sourceTree = "<group>"; };
		417007D426DE08EE002B6664 /* Info.plist */ = {isa = PBXFileReference; lastKnownFileType = text.plist.xml; path = Info.plist; sourceTree = "<group>"; };
		78F510792BD148114435EEF8 /* Pods-YinzCam.debug.xcconfig */ = {isa = PBXFileReference; includeInIndex = 1; lastKnownFileType = text.xcconfig; name = "Pods-YinzCam.debug.xcconfig"; path = "Target Support Files/Pods-YinzCam/Pods-YinzCam.debug.xcconfig"; sourceTree = "<group>"; };
		7ABE1C5D6A642840BC5A0CCA /* Pods_YinzCam.framework */ = {isa = PBXFileReference; explicitFileType = wrapper.framework; includeInIndex = 0; path = Pods_YinzCam.framework; sourceTree = BUILT_PRODUCTS_DIR; };
		EC773D90DF7AC4B833CF51F5 /* Pods-YinzCam.release.xcconfig */ = {isa = PBXFileReference; includeInIndex = 1; lastKnownFileType = text.xcconfig; name = "Pods-YinzCam.release.xcconfig"; path = "Target Support Files/Pods-YinzCam/Pods-YinzCam.release.xcconfig"; sourceTree = "<group>"; };
/* End PBXFileReference section */

/* Begin PBXFrameworksBuildPhase section */
		417007C026DE08ED002B6664 /* Frameworks */ = {
			isa = PBXFrameworksBuildPhase;
			buildActionMask = 2147483647;
			files = (
				A7DAE6A397AD65BB3AC5F65A /* Pods_YinzCam.framework in Frameworks */,
			);
			runOnlyForDeploymentPostprocessing = 0;
		};
/* End PBXFrameworksBuildPhase section */

/* Begin PBXGroup section */
		417007BA26DE08ED002B6664 = {
			isa = PBXGroup;
			children = (
				417007C526DE08ED002B6664 /* YinzCam */,
				417007C426DE08ED002B6664 /* Products */,
				AA0ED4A8EA004F504FDC2EC2 /* Pods */,
				87A03A2DFBD79419A839B27C /* Frameworks */,
			);
			sourceTree = "<group>";
		};
		417007C426DE08ED002B6664 /* Products */ = {
			isa = PBXGroup;
			children = (
				417007C326DE08ED002B6664 /* YinzCam.app */,
			);
			name = Products;
			sourceTree = "<group>";
		};
		417007C526DE08ED002B6664 /* YinzCam */ = {
			isa = PBXGroup;
			children = (
				417007C626DE08ED002B6664 /* AppDelegate.swift */,
				417007C826DE08ED002B6664 /* SceneDelegate.swift */,
				417007CA26DE08ED002B6664 /* ViewController.swift */,
				417007CC26DE08ED002B6664 /* Main.storyboard */,
				417007CF26DE08EE002B6664 /* Assets.xcassets */,
				417007D126DE08EE002B6664 /* LaunchScreen.storyboard */,
				417007D426DE08EE002B6664 /* Info.plist */,
			);
			path = YinzCam;
			sourceTree = "<group>";
		};
		87A03A2DFBD79419A839B27C /* Frameworks */ = {
			isa = PBXGroup;
			children = (
				7ABE1C5D6A642840BC5A0CCA /* Pods_YinzCam.framework */,
			);
			name = Frameworks;
			sourceTree = "<group>";
		};
		AA0ED4A8EA004F504FDC2EC2 /* Pods */ = {
			isa = PBXGroup;
			children = (
				78F510792BD148114435EEF8 /* Pods-YinzCam.debug.xcconfig */,
				EC773D90DF7AC4B833CF51F5 /* Pods-YinzCam.release.xcconfig */,
			);
			name = Pods;
			path = Pods;
			sourceTree = "<group>";
		};
/* End PBXGroup section */

/* Begin PBXNativeTarget section */
		417007C226DE08ED002B6664 /* YinzCam */ = {
			isa = PBXNativeTarget;
			buildConfigurationList = 417007D726DE08EE002B6664 /* Build configuration list for PBXNativeTarget "YinzCam" */;
			buildPhases = (
				21B5129C86F39A3B515A20C1 /* [CP] Check Pods Manifest.lock */,
				417007BF26DE08ED002B6664 /* Sources */,
				417007C026DE08ED002B6664 /* Frameworks */,
				417007C126DE08ED002B6664 /* Resources */,
				FFAC49B1DB5F38FE83BFEB81 /* [CP] Embed Pods Frameworks */,
			);
			buildRules = (
			);
			dependencies = (
			);
			name = YinzCam;
			productName = YinzCam;
			productReference = 417007C326DE08ED002B6664 /* YinzCam.app */;
			productType = "com.apple.product-type.application";
		};
/* End PBXNativeTarget section */

/* Begin PBXProject section */
		417007BB26DE08ED002B6664 /* Project object */ = {
			isa = PBXProject;
			attributes = {
				BuildIndependentTargetsInParallel = 1;
				LastSwiftUpdateCheck = 1300;
				LastUpgradeCheck = 1300;
				TargetAttributes = {
					417007C226DE08ED002B6664 = {
						CreatedOnToolsVersion = 13.0;
					};
				};
			};
			buildConfigurationList = 417007BE26DE08ED002B6664 /* Build configuration list for PBXProject "YinzCam" */;
			compatibilityVersion = "Xcode 13.0";
			developmentRegion = en;
			hasScannedForEncodings = 0;
			knownRegions = (
				en,
				Base,
			);
			mainGroup = 417007BA26DE08ED002B6664;
			productRefGroup = 417007C426DE08ED002B6664 /* Products */;
			projectDirPath = "";
			projectRoot = "";
			targets = (
				417007C226DE08ED002B6664 /* YinzCam */,
			);
		};
/* End PBXProject section */

/* Begin PBXResourcesBuildPhase section */
		417007C126DE08ED002B6664 /* Resources */ = {
			isa = PBXResourcesBuildPhase;
			buildActionMask = 2147483647;
			files = (
				417007D326DE08EE002B6664 /* LaunchScreen.storyboard in Resources */,
				417007D026DE08EE002B6664 /* Assets.xcassets in Resources */,
				417007CE26DE08ED002B6664 /* Main.storyboard in Resources */,
			);
			runOnlyForDeploymentPostprocessing = 0;
		};
/* End PBXResourcesBuildPhase section */

/* Begin PBXShellScriptBuildPhase section */
		21B5129C86F39A3B515A20C1 /* [CP] Check Pods Manifest.lock */ = {
			isa = PBXShellScriptBuildPhase;
			buildActionMask = 2147483647;
			files = (
			);
			inputFileListPaths = (
			);
			inputPaths = (
				"${PODS_PODFILE_DIR_PATH}/Podfile.lock",
				"${PODS_ROOT}/Manifest.lock",
			);
			name = "[CP] Check Pods Manifest.lock";
			outputFileListPaths = (
			);
			outputPaths = (
				"$(DERIVED_FILE_DIR)/Pods-YinzCam-checkManifestLockResult.txt",
			);
			runOnlyForDeploymentPostprocessing = 0;
			shellPath = /bin/sh;
			shellScript = "diff \"${PODS_PODFILE_DIR_PATH}/Podfile.lock\" \"${PODS_ROOT}/Manifest.lock\" > /dev/null\nif [ $? != 0 ] ; then\n    # print error to STDERR\n    echo \"error: The sandbox is not in sync with the Podfile.lock. Run 'pod install' or update your CocoaPods installation.\" >&2\n    exit 1\nfi\n# This output is used by Xcode 'outputs' to avoid re-running this script phase.\necho \"SUCCESS\" > \"${SCRIPT_OUTPUT_FILE_0}\"\n";
			showEnvVarsInLog = 0;
		};
		FFAC49B1DB5F38FE83BFEB81 /* [CP] Embed Pods Frameworks */ = {
			isa = PBXShellScriptBuildPhase;
			buildActionMask = 2147483647;
			files = (
			);
			inputFileListPaths = (
				"${PODS_ROOT}/Target Support Files/Pods-YinzCam/Pods-YinzCam-frameworks-${CONFIGURATION}-input-files.xcfilelist",
			);
			name = "[CP] Embed Pods Frameworks";
			outputFileListPaths = (
				"${PODS_ROOT}/Target Support Files/Pods-YinzCam/Pods-YinzCam-frameworks-${CONFIGURATION}-output-files.xcfilelist",
			);
			runOnlyForDeploymentPostprocessing = 0;
			shellPath = /bin/sh;
			shellScript = "\"${PODS_ROOT}/Target Support Files/Pods-YinzCam/Pods-YinzCam-frameworks.sh\"\n";
			showEnvVarsInLog = 0;
		};
/* End PBXShellScriptBuildPhase section */

/* Begin PBXSourcesBuildPhase section */
		417007BF26DE08ED002B6664 /* Sources */ = {
			isa = PBXSourcesBuildPhase;
			buildActionMask = 2147483647;
			files = (
				417007CB26DE08ED002B6664 /* ViewController.swift in Sources */,
				417007C726DE08ED002B6664 /* AppDelegate.swift in Sources */,
				417007C926DE08ED002B6664 /* SceneDelegate.swift in Sources */,
			);
			runOnlyForDeploymentPostprocessing = 0;
		};
/* End PBXSourcesBuildPhase section */

/* Begin PBXVariantGroup section */
		417007CC26DE08ED002B6664 /* Main.storyboard */ = {
			isa = PBXVariantGroup;
			children = (
				417007CD26DE08ED002B6664 /* Base */,
			);
			name = Main.storyboard;
			sourceTree = "<group>";
		};
		417007D126DE08EE002B6664 /* LaunchScreen.storyboard */ = {
			isa = PBXVariantGroup;
			children = (
				417007D226DE08EE002B6664 /* Base */,
			);
			name = LaunchScreen.storyboard;
			sourceTree = "<group>";
		};
/* End PBXVariantGroup section */

/* Begin XCBuildConfiguration section */
		417007D526DE08EE002B6664 /* Debug */ = {
			isa = XCBuildConfiguration;
			buildSettings = {
				ALWAYS_SEARCH_USER_PATHS = NO;
				CLANG_ANALYZER_NONNULL = YES;
				CLANG_ANALYZER_NUMBER_OBJECT_CONVERSION = YES_AGGRESSIVE;
				CLANG_CXX_LANGUAGE_STANDARD = "gnu++14";
				CLANG_CXX_LIBRARY = "libc++";
				CLANG_ENABLE_MODULES = YES;
				CLANG_ENABLE_OBJC_ARC = YES;
				CLANG_ENABLE_OBJC_WEAK = YES;
				CLANG_WARN_BLOCK_CAPTURE_AUTORELEASING = YES;
				CLANG_WARN_BOOL_CONVERSION = YES;
				CLANG_WARN_COMMA = YES;
				CLANG_WARN_CONSTANT_CONVERSION = YES;
				CLANG_WARN_DEPRECATED_OBJC_IMPLEMENTATIONS = YES;
				CLANG_WARN_DIRECT_OBJC_ISA_USAGE = YES_ERROR;
				CLANG_WARN_DOCUMENTATION_COMMENTS = YES;
				CLANG_WARN_EMPTY_BODY = YES;
				CLANG_WARN_ENUM_CONVERSION = YES;
				CLANG_WARN_INFINITE_RECURSION = YES;
				CLANG_WARN_INT_CONVERSION = YES;
				CLANG_WARN_NON_LITERAL_NULL_CONVERSION = YES;
				CLANG_WARN_OBJC_IMPLICIT_RETAIN_SELF = YES;
				CLANG_WARN_OBJC_LITERAL_CONVERSION = YES;
				CLANG_WARN_OBJC_ROOT_CLASS = YES_ERROR;
				CLANG_WARN_QUOTED_INCLUDE_IN_FRAMEWORK_HEADER = YES;
				CLANG_WARN_RANGE_LOOP_ANALYSIS = YES;
				CLANG_WARN_STRICT_PROTOTYPES = YES;
				CLANG_WARN_SUSPICIOUS_MOVE = YES;
				CLANG_WARN_UNGUARDED_AVAILABILITY = YES_AGGRESSIVE;
				CLANG_WARN_UNREACHABLE_CODE = YES;
				CLANG_WARN__DUPLICATE_METHOD_MATCH = YES;
				COPY_PHASE_STRIP = NO;
				DEBUG_INFORMATION_FORMAT = dwarf;
				ENABLE_STRICT_OBJC_MSGSEND = YES;
				ENABLE_TESTABILITY = YES;
				GCC_C_LANGUAGE_STANDARD = gnu11;
				GCC_DYNAMIC_NO_PIC = NO;
				GCC_NO_COMMON_BLOCKS = YES;
				GCC_OPTIMIZATION_LEVEL = 0;
				GCC_PREPROCESSOR_DEFINITIONS = (
					"DEBUG=1",
					"$(inherited)",
				);
				GCC_WARN_64_TO_32_BIT_CONVERSION = YES;
				GCC_WARN_ABOUT_RETURN_TYPE = YES_ERROR;
				GCC_WARN_UNDECLARED_SELECTOR = YES;
				GCC_WARN_UNINITIALIZED_AUTOS = YES_AGGRESSIVE;
				GCC_WARN_UNUSED_FUNCTION = YES;
				GCC_WARN_UNUSED_VARIABLE = YES;
				IPHONEOS_DEPLOYMENT_TARGET = 15.0;
				MTL_ENABLE_DEBUG_INFO = INCLUDE_SOURCE;
				MTL_FAST_MATH = YES;
				ONLY_ACTIVE_ARCH = YES;
				SDKROOT = iphoneos;
				SWIFT_ACTIVE_COMPILATION_CONDITIONS = DEBUG;
				SWIFT_OPTIMIZATION_LEVEL = "-Onone";
			};
			name = Debug;
		};
		417007D626DE08EE002B6664 /* Release */ = {
			isa = XCBuildConfiguration;
			buildSettings = {
				ALWAYS_SEARCH_USER_PATHS = NO;
				CLANG_ANALYZER_NONNULL = YES;
				CLANG_ANALYZER_NUMBER_OBJECT_CONVERSION = YES_AGGRESSIVE;
				CLANG_CXX_LANGUAGE_STANDARD = "gnu++14";
				CLANG_CXX_LIBRARY = "libc++";
				CLANG_ENABLE_MODULES = YES;
				CLANG_ENABLE_OBJC_ARC = YES;
				CLANG_ENABLE_OBJC_WEAK = YES;
				CLANG_WARN_BLOCK_CAPTURE_AUTORELEASING = YES;
				CLANG_WARN_BOOL_CONVERSION = YES;
				CLANG_WARN_COMMA = YES;
				CLANG_WARN_CONSTANT_CONVERSION = YES;
				CLANG_WARN_DEPRECATED_OBJC_IMPLEMENTATIONS = YES;
				CLANG_WARN_DIRECT_OBJC_ISA_USAGE = YES_ERROR;
				CLANG_WARN_DOCUMENTATION_COMMENTS = YES;
				CLANG_WARN_EMPTY_BODY = YES;
				CLANG_WARN_ENUM_CONVERSION = YES;
				CLANG_WARN_INFINITE_RECURSION = YES;
				CLANG_WARN_INT_CONVERSION = YES;
				CLANG_WARN_NON_LITERAL_NULL_CONVERSION = YES;
				CLANG_WARN_OBJC_IMPLICIT_RETAIN_SELF = YES;
				CLANG_WARN_OBJC_LITERAL_CONVERSION = YES;
				CLANG_WARN_OBJC_ROOT_CLASS = YES_ERROR;
				CLANG_WARN_QUOTED_INCLUDE_IN_FRAMEWORK_HEADER = YES;
				CLANG_WARN_RANGE_LOOP_ANALYSIS = YES;
				CLANG_WARN_STRICT_PROTOTYPES = YES;
				CLANG_WARN_SUSPICIOUS_MOVE = YES;
				CLANG_WARN_UNGUARDED_AVAILABILITY = YES_AGGRESSIVE;
				CLANG_WARN_UNREACHABLE_CODE = YES;
				CLANG_WARN__DUPLICATE_METHOD_MATCH = YES;
				COPY_PHASE_STRIP = NO;
				DEBUG_INFORMATION_FORMAT = "dwarf-with-dsym";
				ENABLE_NS_ASSERTIONS = NO;
				ENABLE_STRICT_OBJC_MSGSEND = YES;
				GCC_C_LANGUAGE_STANDARD = gnu11;
				GCC_NO_COMMON_BLOCKS = YES;
				GCC_WARN_64_TO_32_BIT_CONVERSION = YES;
				GCC_WARN_ABOUT_RETURN_TYPE = YES_ERROR;
				GCC_WARN_UNDECLARED_SELECTOR = YES;
				GCC_WARN_UNINITIALIZED_AUTOS = YES_AGGRESSIVE;
				GCC_WARN_UNUSED_FUNCTION = YES;
				GCC_WARN_UNUSED_VARIABLE = YES;
				IPHONEOS_DEPLOYMENT_TARGET = 15.0;
				MTL_ENABLE_DEBUG_INFO = NO;
				MTL_FAST_MATH = YES;
				SDKROOT = iphoneos;
				SWIFT_COMPILATION_MODE = wholemodule;
				SWIFT_OPTIMIZATION_LEVEL = "-O";
				VALIDATE_PRODUCT = YES;
			};
			name = Release;
		};
		417007D826DE08EE002B6664 /* Debug */ = {
			isa = XCBuildConfiguration;
			baseConfigurationReference = 78F510792BD148114435EEF8 /* Pods-YinzCam.debug.xcconfig */;
			buildSettings = {
				ASSETCATALOG_COMPILER_APPICON_NAME = AppIcon;
				ASSETCATALOG_COMPILER_GLOBAL_ACCENT_COLOR_NAME = AccentColor;
				CODE_SIGN_STYLE = Automatic;
				CURRENT_PROJECT_VERSION = 1;
				DEVELOPMENT_TEAM = GXN93E6VNZ;
				GENERATE_INFOPLIST_FILE = YES;
				INFOPLIST_FILE = YinzCam/Info.plist;
				INFOPLIST_KEY_UIApplicationSupportsIndirectInputEvents = YES;
				INFOPLIST_KEY_UILaunchStoryboardName = LaunchScreen;
				INFOPLIST_KEY_UIMainStoryboardFile = Main;
				INFOPLIST_KEY_UISupportedInterfaceOrientations_iPad = "UIInterfaceOrientationPortrait UIInterfaceOrientationPortraitUpsideDown UIInterfaceOrientationLandscapeLeft UIInterfaceOrientationLandscapeRight";
				INFOPLIST_KEY_UISupportedInterfaceOrientations_iPhone = "UIInterfaceOrientationPortrait UIInterfaceOrientationLandscapeLeft UIInterfaceOrientationLandscapeRight";
				LD_RUNPATH_SEARCH_PATHS = (
					"$(inherited)",
					"@executable_path/Frameworks",
				);
				MARKETING_VERSION = 1.0;
				PRODUCT_BUNDLE_IDENTIFIER = com.saumyalahera.YinzCam.YinzCam;
				PRODUCT_NAME = "$(TARGET_NAME)";
				SWIFT_EMIT_LOC_STRINGS = YES;
				SWIFT_VERSION = 5.0;
				TARGETED_DEVICE_FAMILY = "1,2";
			};
			name = Debug;
		};
		417007D926DE08EE002B6664 /* Release */ = {
			isa = XCBuildConfiguration;
			baseConfigurationReference = EC773D90DF7AC4B833CF51F5 /* Pods-YinzCam.release.xcconfig */;
			buildSettings = {
				ASSETCATALOG_COMPILER_APPICON_NAME = AppIcon;
				ASSETCATALOG_COMPILER_GLOBAL_ACCENT_COLOR_NAME = AccentColor;
				CODE_SIGN_STYLE = Automatic;
				CURRENT_PROJECT_VERSION = 1;
				DEVELOPMENT_TEAM = GXN93E6VNZ;
				GENERATE_INFOPLIST_FILE = YES;
				INFOPLIST_FILE = YinzCam/Info.plist;
				INFOPLIST_KEY_UIApplicationSupportsIndirectInputEvents = YES;
				INFOPLIST_KEY_UILaunchStoryboardName = LaunchScreen;
				INFOPLIST_KEY_UIMainStoryboardFile = Main;
				INFOPLIST_KEY_UISupportedInterfaceOrientations_iPad = "UIInterfaceOrientationPortrait UIInterfaceOrientationPortraitUpsideDown UIInterfaceOrientationLandscapeLeft UIInterfaceOrientationLandscapeRight";
				INFOPLIST_KEY_UISupportedInterfaceOrientations_iPhone = "UIInterfaceOrientationPortrait UIInterfaceOrientationLandscapeLeft UIInterfaceOrientationLandscapeRight";
				LD_RUNPATH_SEARCH_PATHS = (
					"$(inherited)",
					"@executable_path/Frameworks",
				);
				MARKETING_VERSION = 1.0;
				PRODUCT_BUNDLE_IDENTIFIER = com.saumyalahera.YinzCam.YinzCam;
				PRODUCT_NAME = "$(TARGET_NAME)";
				SWIFT_EMIT_LOC_STRINGS = YES;
				SWIFT_VERSION = 5.0;
				TARGETED_DEVICE_FAMILY = "1,2";
			};
			name = Release;
		};
/* End XCBuildConfiguration section */

/* Begin XCConfigurationList section */
		417007BE26DE08ED002B6664 /* Build configuration list for PBXProject "YinzCam" */ = {
			isa = XCConfigurationList;
			buildConfigurations = (
				417007D526DE08EE002B6664 /* Debug */,
				417007D626DE08EE002B6664 /* Release */,
			);
			defaultConfigurationIsVisible = 0;
			defaultConfigurationName = Release;
		};
		417007D726DE08EE002B6664 /* Build configuration list for PBXNativeTarget "YinzCam" */ = {
			isa = XCConfigurationList;
			buildConfigurations = (
				417007D826DE08EE002B6664 /* Debug */,
				417007D926DE08EE002B6664 /* Release */,
			);
			defaultConfigurationIsVisible = 0;
			defaultConfigurationName = Release;
		};
/* End XCConfigurationList section */
	};
	rootObject = 417007BB26DE08ED002B6664 /* Project object */;
}
